// !$*UTF8*$!
{
	archiveVersion = 1;
	classes = {
	};
	objectVersion = 55;
	objects = {

/* Begin PBXBuildFile section */
		54FB409828652717000E9173 /* AppDelegate.swift in Sources */ = {isa = PBXBuildFile; fileRef = 54FB409728652717000E9173 /* AppDelegate.swift */; };
		54FB409A28652717000E9173 /* SceneDelegate.swift in Sources */ = {isa = PBXBuildFile; fileRef = 54FB409928652717000E9173 /* SceneDelegate.swift */; };
		54FB409C28652717000E9173 /* WeatherViewController.swift in Sources */ = {isa = PBXBuildFile; fileRef = 54FB409B28652717000E9173 /* WeatherViewController.swift */; };
		54FB40A128652718000E9173 /* Assets.xcassets in Resources */ = {isa = PBXBuildFile; fileRef = 54FB40A028652718000E9173 /* Assets.xcassets */; };
		54FB40A428652718000E9173 /* LaunchScreen.storyboard in Resources */ = {isa = PBXBuildFile; fileRef = 54FB40A228652718000E9173 /* LaunchScreen.storyboard */; };
		54FB40B52867E673000E9173 /* WeatherManager.swift in Sources */ = {isa = PBXBuildFile; fileRef = 54FB40B42867E673000E9173 /* WeatherManager.swift */; };
		54FB40B72867EDBA000E9173 /* OpenWeather-Info.plist in Resources */ = {isa = PBXBuildFile; fileRef = 54FB40B62867EDBA000E9173 /* OpenWeather-Info.plist */; };
		54FB40B92867EFAE000E9173 /* WeatherData.swift in Sources */ = {isa = PBXBuildFile; fileRef = 54FB40B82867EFAE000E9173 /* WeatherData.swift */; };
		54FB40BB2867EFDB000E9173 /* WeatherModel.swift in Sources */ = {isa = PBXBuildFile; fileRef = 54FB40BA2867EFDB000E9173 /* WeatherModel.swift */; };
		54FB40BD2869241F000E9173 /* CurrentWeatherCell+WeatherManagerDelegate.swift in Sources */ = {isa = PBXBuildFile; fileRef = 54FB40BC2869241F000E9173 /* CurrentWeatherCell+WeatherManagerDelegate.swift */; };
		54FB40BF286BB375000E9173 /* CurrentWeatherCell.swift in Sources */ = {isa = PBXBuildFile; fileRef = 54FB40BE286BB375000E9173 /* CurrentWeatherCell.swift */; };
		54FB40C1286BC13B000E9173 /* WeatherViewContorller+UITableViewDataSource.swift in Sources */ = {isa = PBXBuildFile; fileRef = 54FB40C0286BC13B000E9173 /* WeatherViewContorller+UITableViewDataSource.swift */; };
		54FB40C3286D1DA4000E9173 /* HourlyWeatherCell.swift in Sources */ = {isa = PBXBuildFile; fileRef = 54FB40C2286D1DA4000E9173 /* HourlyWeatherCell.swift */; };
		54FB40C5286D2EE1000E9173 /* HourlyWeatherCellCVCell.swift in Sources */ = {isa = PBXBuildFile; fileRef = 54FB40C4286D2EE1000E9173 /* HourlyWeatherCellCVCell.swift */; };
/* End PBXBuildFile section */

/* Begin PBXFileReference section */
		54FB409428652717000E9173 /* Mock Weather App.app */ = {isa = PBXFileReference; explicitFileType = wrapper.application; includeInIndex = 0; path = "Mock Weather App.app"; sourceTree = BUILT_PRODUCTS_DIR; };
		54FB409728652717000E9173 /* AppDelegate.swift */ = {isa = PBXFileReference; lastKnownFileType = sourcecode.swift; path = AppDelegate.swift; sourceTree = "<group>"; };
		54FB409928652717000E9173 /* SceneDelegate.swift */ = {isa = PBXFileReference; lastKnownFileType = sourcecode.swift; path = SceneDelegate.swift; sourceTree = "<group>"; };
		54FB409B28652717000E9173 /* WeatherViewController.swift */ = {isa = PBXFileReference; lastKnownFileType = sourcecode.swift; path = WeatherViewController.swift; sourceTree = "<group>"; };
		54FB40A028652718000E9173 /* Assets.xcassets */ = {isa = PBXFileReference; lastKnownFileType = folder.assetcatalog; path = Assets.xcassets; sourceTree = "<group>"; };
		54FB40A328652718000E9173 /* Base */ = {isa = PBXFileReference; lastKnownFileType = file.storyboard; name = Base; path = Base.lproj/LaunchScreen.storyboard; sourceTree = "<group>"; };
		54FB40A528652718000E9173 /* Info.plist */ = {isa = PBXFileReference; lastKnownFileType = text.plist.xml; path = Info.plist; sourceTree = "<group>"; };
		54FB40B42867E673000E9173 /* WeatherManager.swift */ = {isa = PBXFileReference; lastKnownFileType = sourcecode.swift; path = WeatherManager.swift; sourceTree = "<group>"; };
		54FB40B62867EDBA000E9173 /* OpenWeather-Info.plist */ = {isa = PBXFileReference; lastKnownFileType = text.plist.xml; path = "OpenWeather-Info.plist"; sourceTree = "<group>"; };
		54FB40B82867EFAE000E9173 /* WeatherData.swift */ = {isa = PBXFileReference; lastKnownFileType = sourcecode.swift; path = WeatherData.swift; sourceTree = "<group>"; };
		54FB40BA2867EFDB000E9173 /* WeatherModel.swift */ = {isa = PBXFileReference; lastKnownFileType = sourcecode.swift; path = WeatherModel.swift; sourceTree = "<group>"; };
		54FB40BC2869241F000E9173 /* CurrentWeatherCell+WeatherManagerDelegate.swift */ = {isa = PBXFileReference; lastKnownFileType = sourcecode.swift; path = "CurrentWeatherCell+WeatherManagerDelegate.swift"; sourceTree = "<group>"; };
		54FB40BE286BB375000E9173 /* CurrentWeatherCell.swift */ = {isa = PBXFileReference; lastKnownFileType = sourcecode.swift; path = CurrentWeatherCell.swift; sourceTree = "<group>"; };
		54FB40C0286BC13B000E9173 /* WeatherViewContorller+UITableViewDataSource.swift */ = {isa = PBXFileReference; lastKnownFileType = sourcecode.swift; path = "WeatherViewContorller+UITableViewDataSource.swift"; sourceTree = "<group>"; };
		54FB40C2286D1DA4000E9173 /* HourlyWeatherCell.swift */ = {isa = PBXFileReference; lastKnownFileType = sourcecode.swift; path = HourlyWeatherCell.swift; sourceTree = "<group>"; };
		54FB40C4286D2EE1000E9173 /* HourlyWeatherCellCVCell.swift */ = {isa = PBXFileReference; lastKnownFileType = sourcecode.swift; path = HourlyWeatherCellCVCell.swift; sourceTree = "<group>"; };
/* End PBXFileReference section */

/* Begin PBXFrameworksBuildPhase section */
		54FB409128652717000E9173 /* Frameworks */ = {
			isa = PBXFrameworksBuildPhase;
			buildActionMask = 2147483647;
			files = (
			);
			runOnlyForDeploymentPostprocessing = 0;
		};
/* End PBXFrameworksBuildPhase section */

/* Begin PBXGroup section */
		54FB408B28652717000E9173 = {
			isa = PBXGroup;
			children = (
				54FB409628652717000E9173 /* Mock Weather App */,
				54FB409528652717000E9173 /* Products */,
			);
			sourceTree = "<group>";
		};
		54FB409528652717000E9173 /* Products */ = {
			isa = PBXGroup;
			children = (
				54FB409428652717000E9173 /* Mock Weather App.app */,
			);
			name = Products;
			sourceTree = "<group>";
		};
		54FB409628652717000E9173 /* Mock Weather App */ = {
			isa = PBXGroup;
			children = (
				54FB409728652717000E9173 /* AppDelegate.swift */,
				54FB409928652717000E9173 /* SceneDelegate.swift */,
				54FB40B32867E64C000E9173 /* Model */,
				54FB40B22867E641000E9173 /* View */,
				54FB40B02867E60B000E9173 /* Controller */,
				54FB40A028652718000E9173 /* Assets.xcassets */,
				54FB40A228652718000E9173 /* LaunchScreen.storyboard */,
				54FB40A528652718000E9173 /* Info.plist */,
			);
			path = "Mock Weather App";
			sourceTree = "<group>";
		};
		54FB40B02867E60B000E9173 /* Controller */ = {
			isa = PBXGroup;
			children = (
			);
			path = Controller;
			sourceTree = "<group>";
		};
		54FB40B22867E641000E9173 /* View */ = {
			isa = PBXGroup;
			children = (
				54FB409B28652717000E9173 /* WeatherViewController.swift */,
				54FB40C0286BC13B000E9173 /* WeatherViewContorller+UITableViewDataSource.swift */,
				54FB40BE286BB375000E9173 /* CurrentWeatherCell.swift */,
				54FB40BC2869241F000E9173 /* CurrentWeatherCell+WeatherManagerDelegate.swift */,
				54FB40C2286D1DA4000E9173 /* HourlyWeatherCell.swift */,
				54FB40C4286D2EE1000E9173 /* HourlyWeatherCellCVCell.swift */,
			);
			path = View;
			sourceTree = "<group>";
		};
		54FB40B32867E64C000E9173 /* Model */ = {
			isa = PBXGroup;
			children = (
				54FB40B42867E673000E9173 /* WeatherManager.swift */,
				54FB40B62867EDBA000E9173 /* OpenWeather-Info.plist */,
				54FB40B82867EFAE000E9173 /* WeatherData.swift */,
				54FB40BA2867EFDB000E9173 /* WeatherModel.swift */,
			);
			path = Model;
			sourceTree = "<group>";
		};
/* End PBXGroup section */

/* Begin PBXNativeTarget section */
		54FB409328652717000E9173 /* Mock Weather App */ = {
			isa = PBXNativeTarget;
			buildConfigurationList = 54FB40A828652718000E9173 /* Build configuration list for PBXNativeTarget "Mock Weather App" */;
			buildPhases = (
				54FB409028652717000E9173 /* Sources */,
				54FB409128652717000E9173 /* Frameworks */,
				54FB409228652717000E9173 /* Resources */,
			);
			buildRules = (
			);
			dependencies = (
			);
			name = "Mock Weather App";
			productName = "Mock Weather App";
			productReference = 54FB409428652717000E9173 /* Mock Weather App.app */;
			productType = "com.apple.product-type.application";
		};
/* End PBXNativeTarget section */

/* Begin PBXProject section */
		54FB408C28652717000E9173 /* Project object */ = {
			isa = PBXProject;
			attributes = {
				BuildIndependentTargetsInParallel = 1;
				LastSwiftUpdateCheck = 1340;
				LastUpgradeCheck = 1340;
				TargetAttributes = {
					54FB409328652717000E9173 = {
						CreatedOnToolsVersion = 13.4.1;
					};
				};
			};
			buildConfigurationList = 54FB408F28652717000E9173 /* Build configuration list for PBXProject "Mock Weather App" */;
			compatibilityVersion = "Xcode 13.0";
			developmentRegion = en;
			hasScannedForEncodings = 0;
			knownRegions = (
				en,
				Base,
			);
			mainGroup = 54FB408B28652717000E9173;
			productRefGroup = 54FB409528652717000E9173 /* Products */;
			projectDirPath = "";
			projectRoot = "";
			targets = (
				54FB409328652717000E9173 /* Mock Weather App */,
			);
		};
/* End PBXProject section */

/* Begin PBXResourcesBuildPhase section */
		54FB409228652717000E9173 /* Resources */ = {
			isa = PBXResourcesBuildPhase;
			buildActionMask = 2147483647;
			files = (
				54FB40A428652718000E9173 /* LaunchScreen.storyboard in Resources */,
				54FB40B72867EDBA000E9173 /* OpenWeather-Info.plist in Resources */,
				54FB40A128652718000E9173 /* Assets.xcassets in Resources */,
			);
			runOnlyForDeploymentPostprocessing = 0;
		};
/* End PBXResourcesBuildPhase section */

/* Begin PBXSourcesBuildPhase section */
		54FB409028652717000E9173 /* Sources */ = {
			isa = PBXSourcesBuildPhase;
			buildActionMask = 2147483647;
			files = (
				54FB40BD2869241F000E9173 /* CurrentWeatherCell+WeatherManagerDelegate.swift in Sources */,
				54FB40C3286D1DA4000E9173 /* HourlyWeatherCell.swift in Sources */,
				54FB409C28652717000E9173 /* WeatherViewController.swift in Sources */,
				54FB40B92867EFAE000E9173 /* WeatherData.swift in Sources */,
				54FB409828652717000E9173 /* AppDelegate.swift in Sources */,
				54FB40B52867E673000E9173 /* WeatherManager.swift in Sources */,
				54FB40C1286BC13B000E9173 /* WeatherViewContorller+UITableViewDataSource.swift in Sources */,
				54FB40C5286D2EE1000E9173 /* HourlyWeatherCellCVCell.swift in Sources */,
				54FB40BB2867EFDB000E9173 /* WeatherModel.swift in Sources */,
				54FB40BF286BB375000E9173 /* CurrentWeatherCell.swift in Sources */,
				54FB409A28652717000E9173 /* SceneDelegate.swift in Sources */,
			);
			runOnlyForDeploymentPostprocessing = 0;
		};
/* End PBXSourcesBuildPhase section */

/* Begin PBXVariantGroup section */
		54FB40A228652718000E9173 /* LaunchScreen.storyboard */ = {
			isa = PBXVariantGroup;
			children = (
				54FB40A328652718000E9173 /* Base */,
			);
			name = LaunchScreen.storyboard;
			sourceTree = "<group>";
		};
/* End PBXVariantGroup section */

/* Begin XCBuildConfiguration section */
		54FB40A628652718000E9173 /* Debug */ = {
			isa = XCBuildConfiguration;
			buildSettings = {
				ALWAYS_SEARCH_USER_PATHS = NO;
				CLANG_ANALYZER_NONNULL = YES;
				CLANG_ANALYZER_NUMBER_OBJECT_CONVERSION = YES_AGGRESSIVE;
				CLANG_CXX_LANGUAGE_STANDARD = "gnu++17";
				CLANG_ENABLE_MODULES = YES;
				CLANG_ENABLE_OBJC_ARC = YES;
				CLANG_ENABLE_OBJC_WEAK = YES;
				CLANG_WARN_BLOCK_CAPTURE_AUTORELEASING = YES;
				CLANG_WARN_BOOL_CONVERSION = YES;
				CLANG_WARN_COMMA = YES;
				CLANG_WARN_CONSTANT_CONVERSION = YES;
				CLANG_WARN_DEPRECATED_OBJC_IMPLEMENTATIONS = YES;
				CLANG_WARN_DIRECT_OBJC_ISA_USAGE = YES_ERROR;
				CLANG_WARN_DOCUMENTATION_COMMENTS = YES;
				CLANG_WARN_EMPTY_BODY = YES;
				CLANG_WARN_ENUM_CONVERSION = YES;
				CLANG_WARN_INFINITE_RECURSION = YES;
				CLANG_WARN_INT_CONVERSION = YES;
				CLANG_WARN_NON_LITERAL_NULL_CONVERSION = YES;
				CLANG_WARN_OBJC_IMPLICIT_RETAIN_SELF = YES;
				CLANG_WARN_OBJC_LITERAL_CONVERSION = YES;
				CLANG_WARN_OBJC_ROOT_CLASS = YES_ERROR;
				CLANG_WARN_QUOTED_INCLUDE_IN_FRAMEWORK_HEADER = YES;
				CLANG_WARN_RANGE_LOOP_ANALYSIS = YES;
				CLANG_WARN_STRICT_PROTOTYPES = YES;
				CLANG_WARN_SUSPICIOUS_MOVE = YES;
				CLANG_WARN_UNGUARDED_AVAILABILITY = YES_AGGRESSIVE;
				CLANG_WARN_UNREACHABLE_CODE = YES;
				CLANG_WARN__DUPLICATE_METHOD_MATCH = YES;
				COPY_PHASE_STRIP = NO;
				DEBUG_INFORMATION_FORMAT = dwarf;
				ENABLE_STRICT_OBJC_MSGSEND = YES;
				ENABLE_TESTABILITY = YES;
				GCC_C_LANGUAGE_STANDARD = gnu11;
				GCC_DYNAMIC_NO_PIC = NO;
				GCC_NO_COMMON_BLOCKS = YES;
				GCC_OPTIMIZATION_LEVEL = 0;
				GCC_PREPROCESSOR_DEFINITIONS = (
					"DEBUG=1",
					"$(inherited)",
				);
				GCC_WARN_64_TO_32_BIT_CONVERSION = YES;
				GCC_WARN_ABOUT_RETURN_TYPE = YES_ERROR;
				GCC_WARN_UNDECLARED_SELECTOR = YES;
				GCC_WARN_UNINITIALIZED_AUTOS = YES_AGGRESSIVE;
				GCC_WARN_UNUSED_FUNCTION = YES;
				GCC_WARN_UNUSED_VARIABLE = YES;
				IPHONEOS_DEPLOYMENT_TARGET = 15.5;
				MTL_ENABLE_DEBUG_INFO = INCLUDE_SOURCE;
				MTL_FAST_MATH = YES;
				ONLY_ACTIVE_ARCH = YES;
				SDKROOT = iphoneos;
				SWIFT_ACTIVE_COMPILATION_CONDITIONS = DEBUG;
				SWIFT_OPTIMIZATION_LEVEL = "-Onone";
			};
			name = Debug;
		};
		54FB40A728652718000E9173 /* Release */ = {
			isa = XCBuildConfiguration;
			buildSettings = {
				ALWAYS_SEARCH_USER_PATHS = NO;
				CLANG_ANALYZER_NONNULL = YES;
				CLANG_ANALYZER_NUMBER_OBJECT_CONVERSION = YES_AGGRESSIVE;
				CLANG_CXX_LANGUAGE_STANDARD = "gnu++17";
				CLANG_ENABLE_MODULES = YES;
				CLANG_ENABLE_OBJC_ARC = YES;
				CLANG_ENABLE_OBJC_WEAK = YES;
				CLANG_WARN_BLOCK_CAPTURE_AUTORELEASING = YES;
				CLANG_WARN_BOOL_CONVERSION = YES;
				CLANG_WARN_COMMA = YES;
				CLANG_WARN_CONSTANT_CONVERSION = YES;
				CLANG_WARN_DEPRECATED_OBJC_IMPLEMENTATIONS = YES;
				CLANG_WARN_DIRECT_OBJC_ISA_USAGE = YES_ERROR;
				CLANG_WARN_DOCUMENTATION_COMMENTS = YES;
				CLANG_WARN_EMPTY_BODY = YES;
				CLANG_WARN_ENUM_CONVERSION = YES;
				CLANG_WARN_INFINITE_RECURSION = YES;
				CLANG_WARN_INT_CONVERSION = YES;
				CLANG_WARN_NON_LITERAL_NULL_CONVERSION = YES;
				CLANG_WARN_OBJC_IMPLICIT_RETAIN_SELF = YES;
				CLANG_WARN_OBJC_LITERAL_CONVERSION = YES;
				CLANG_WARN_OBJC_ROOT_CLASS = YES_ERROR;
				CLANG_WARN_QUOTED_INCLUDE_IN_FRAMEWORK_HEADER = YES;
				CLANG_WARN_RANGE_LOOP_ANALYSIS = YES;
				CLANG_WARN_STRICT_PROTOTYPES = YES;
				CLANG_WARN_SUSPICIOUS_MOVE = YES;
				CLANG_WARN_UNGUARDED_AVAILABILITY = YES_AGGRESSIVE;
				CLANG_WARN_UNREACHABLE_CODE = YES;
				CLANG_WARN__DUPLICATE_METHOD_MATCH = YES;
				COPY_PHASE_STRIP = NO;
				DEBUG_INFORMATION_FORMAT = "dwarf-with-dsym";
				ENABLE_NS_ASSERTIONS = NO;
				ENABLE_STRICT_OBJC_MSGSEND = YES;
				GCC_C_LANGUAGE_STANDARD = gnu11;
				GCC_NO_COMMON_BLOCKS = YES;
				GCC_WARN_64_TO_32_BIT_CONVERSION = YES;
				GCC_WARN_ABOUT_RETURN_TYPE = YES_ERROR;
				GCC_WARN_UNDECLARED_SELECTOR = YES;
				GCC_WARN_UNINITIALIZED_AUTOS = YES_AGGRESSIVE;
				GCC_WARN_UNUSED_FUNCTION = YES;
				GCC_WARN_UNUSED_VARIABLE = YES;
				IPHONEOS_DEPLOYMENT_TARGET = 15.5;
				MTL_ENABLE_DEBUG_INFO = NO;
				MTL_FAST_MATH = YES;
				SDKROOT = iphoneos;
				SWIFT_COMPILATION_MODE = wholemodule;
				SWIFT_OPTIMIZATION_LEVEL = "-O";
				VALIDATE_PRODUCT = YES;
			};
			name = Release;
		};
		54FB40A928652718000E9173 /* Debug */ = {
			isa = XCBuildConfiguration;
			buildSettings = {
				ASSETCATALOG_COMPILER_APPICON_NAME = AppIcon;
				ASSETCATALOG_COMPILER_GLOBAL_ACCENT_COLOR_NAME = AccentColor;
				CODE_SIGN_STYLE = Automatic;
				CURRENT_PROJECT_VERSION = 1;
				GENERATE_INFOPLIST_FILE = YES;
				INFOPLIST_FILE = "Mock Weather App/Info.plist";
				INFOPLIST_KEY_UIApplicationSupportsIndirectInputEvents = YES;
				INFOPLIST_KEY_UILaunchStoryboardName = LaunchScreen;
				INFOPLIST_KEY_UISupportedInterfaceOrientations = UIInterfaceOrientationPortrait;
				INFOPLIST_KEY_UISupportedInterfaceOrientations_iPad = "UIInterfaceOrientationPortrait UIInterfaceOrientationPortraitUpsideDown UIInterfaceOrientationLandscapeLeft UIInterfaceOrientationLandscapeRight";
				INFOPLIST_KEY_UISupportedInterfaceOrientations_iPhone = "UIInterfaceOrientationPortrait UIInterfaceOrientationLandscapeLeft UIInterfaceOrientationLandscapeRight";
				LD_RUNPATH_SEARCH_PATHS = (
					"$(inherited)",
					"@executable_path/Frameworks",
				);
				MARKETING_VERSION = 1.0;
				PRODUCT_BUNDLE_IDENTIFIER = "com.daiyadeguchi.Mock-Weather-App";
				PRODUCT_NAME = "$(TARGET_NAME)";
				SWIFT_EMIT_LOC_STRINGS = YES;
				SWIFT_VERSION = 5.0;
				TARGETED_DEVICE_FAMILY = "1,2";
			};
			name = Debug;
		};
		54FB40AA28652718000E9173 /* Release */ = {
			isa = XCBuildConfiguration;
			buildSettings = {
				ASSETCATALOG_COMPILER_APPICON_NAME = AppIcon;
				ASSETCATALOG_COMPILER_GLOBAL_ACCENT_COLOR_NAME = AccentColor;
				CODE_SIGN_STYLE = Automatic;
				CURRENT_PROJECT_VERSION = 1;
				GENERATE_INFOPLIST_FILE = YES;
				INFOPLIST_FILE = "Mock Weather App/Info.plist";
				INFOPLIST_KEY_UIApplicationSupportsIndirectInputEvents = YES;
				INFOPLIST_KEY_UILaunchStoryboardName = LaunchScreen;
				INFOPLIST_KEY_UISupportedInterfaceOrientations = UIInterfaceOrientationPortrait;
				INFOPLIST_KEY_UISupportedInterfaceOrientations_iPad = "UIInterfaceOrientationPortrait UIInterfaceOrientationPortraitUpsideDown UIInterfaceOrientationLandscapeLeft UIInterfaceOrientationLandscapeRight";
				INFOPLIST_KEY_UISupportedInterfaceOrientations_iPhone = "UIInterfaceOrientationPortrait UIInterfaceOrientationLandscapeLeft UIInterfaceOrientationLandscapeRight";
				LD_RUNPATH_SEARCH_PATHS = (
					"$(inherited)",
					"@executable_path/Frameworks",
				);
				MARKETING_VERSION = 1.0;
				PRODUCT_BUNDLE_IDENTIFIER = "com.daiyadeguchi.Mock-Weather-App";
				PRODUCT_NAME = "$(TARGET_NAME)";
				SWIFT_EMIT_LOC_STRINGS = YES;
				SWIFT_VERSION = 5.0;
				TARGETED_DEVICE_FAMILY = "1,2";
			};
			name = Release;
		};
/* End XCBuildConfiguration section */

/* Begin XCConfigurationList section */
		54FB408F28652717000E9173 /* Build configuration list for PBXProject "Mock Weather App" */ = {
			isa = XCConfigurationList;
			buildConfigurations = (
				54FB40A628652718000E9173 /* Debug */,
				54FB40A728652718000E9173 /* Release */,
			);
			defaultConfigurationIsVisible = 0;
			defaultConfigurationName = Release;
		};
		54FB40A828652718000E9173 /* Build configuration list for PBXNativeTarget "Mock Weather App" */ = {
			isa = XCConfigurationList;
			buildConfigurations = (
				54FB40A928652718000E9173 /* Debug */,
				54FB40AA28652718000E9173 /* Release */,
			);
			defaultConfigurationIsVisible = 0;
			defaultConfigurationName = Release;
		};
/* End XCConfigurationList section */
	};
	rootObject = 54FB408C28652717000E9173 /* Project object */;
}
